
Microsoft Visual Studio Solution File, Format Version 11.00
# Visual Studio 2010
Project("{FAE04EC0-301F-11D3-BF4B-00C04F79EFBC}") = "Rubik", "Rubik.csproj", "{ABD79DFA-5E44-429F-986C-F5F3CFB8E75B}"
EndProject
Global
	GlobalSection(SolutionConfigurationPlatforms) = preSolution
		Debug|Any CPU = Debug|Any CPU
		Release|Any CPU = Release|Any CPU
	EndGlobalSection
	GlobalSection(ProjectConfigurationPlatforms) = postSolution
		{ABD79DFA-5E44-429F-986C-F5F3CFB8E75B}.Debug|Any CPU.ActiveCfg = Debug|Any CPU
		{ABD79DFA-5E44-429F-986C-F5F3CFB8E75B}.Debug|Any CPU.Build.0 = Debug|Any CPU
		{ABD79DFA-5E44-429F-986C-F5F3CFB8E75B}.Release|Any CPU.ActiveCfg = Release|Any CPU
		{ABD79DFA-5E44-429F-986C-F5F3CFB8E75B}.Release|Any CPU.Build.0 = Release|Any CPU
	EndGlobalSection
	GlobalSection(SolutionProperties) = preSolution
		HideSolutionNode = FALSE
	EndGlobalSection
EndGlobal
